schema: '2.0'
stages:
  mtg_clean:
    cmd: python -m mtg-preprocess
    deps:
    - path: mtg-preprocess.py
      md5: a3e8aa18eb3836a52758b866e5436181
      size: 757
    - path: mtg.json.gz
      md5: b613d3a06d188100a30041489143e055
      size: 64113910
    outs:
    - path: mtg.feather
      md5: 84e50093078e4324073a62424276b57d
      size: 9411618
